<?xml version="1.0" encoding="utf-8"?>
<Project ToolsVersion="4.0" xmlns="http://schemas.microsoft.com/developer/msbuild/2003">
  <ItemGroup>
    <ClCompile Include="Main.cpp" />
    <ClCompile Include="source\Scene\SceneManager.cpp" />
    <ClCompile Include="source\Scene\SceneTitle.cpp" />
    <ClCompile Include="source\Scene\SceneGame.cpp" />
    <ClCompile Include="source\Scene\SceneResult.cpp" />
    <ClCompile Include="gauge.cpp" />
    <ClCompile Include="source\input.cpp" />
    <ClCompile Include="source\Title\TitleLogo.cpp" />
    <ClCompile Include="source\Resource\ResourceManager.cpp" />
    <ClCompile Include="source\Core\Object.cpp" />
    <ClCompile Include="source\Result\ResultLogo.cpp" />
    <ClCompile Include="source\yajirushi.cpp" />
    <ClCompile Include="source\player.cpp" />
    <ClCompile Include="source\Game\BackGround.cpp" />
  </ItemGroup>
  <ItemGroup>
    <ClInclude Include="Main.h" />
    <ClInclude Include="source\Scene\SceneManager.h" />
    <ClInclude Include="source\Scene\BaseState.h" />
    <ClInclude Include="source\Scene\SceneTitle.h" />
    <ClInclude Include="source\Scene\SceneGame.h" />
    <ClInclude Include="source\Scene\SceneResult.h" />
    <ClInclude Include="gauge.h" />
    <ClInclude Include="source\input.h" />
    <ClInclude Include="source\Title\TitleLogo.h" />
    <ClInclude Include="source\Resource\ResourceManager.h" />
    <ClInclude Include="source\Resource\BaseSingleton.h" />
    <ClInclude Include="source\Core\Object.h" />
    <ClInclude Include="source\Result\ResultLogo.h" />
    <ClInclude Include="source\player.h" />
    <ClInclude Include="source\yajirushi.h" />
    <ClInclude Include="source\Game\BackGround.h" />
  </ItemGroup>
</Project>